{
    "_meta": {
        "hash": {
            "sha256": "50351bf9603daba8b9fc43d64722c207d41f7f68d7653d0459a74e287f2cdd6c"
        },
        "pipfile-spec": 6,
        "requires": {
            "python_version": "3.9"
        },
        "sources": [
            {
                "name": "pypi",
                "url": "https://pypi.org/simple",
                "verify_ssl": true
            }
        ]
    },
    "default": {
        "casttube": {
            "hashes": [
                "sha256:36f118007f9eead3959cf30de03c1640b53a263569ff2a3971c0521826c835b2",
                "sha256:54d2af8c7949aa9c5db87fb11ef0a478a5d3e7ac6d2d2ac8dd1711e3a516fc82"
            ],
            "version": "==0.2.1"
        },
        "certifi": {
            "hashes": [
                "sha256:2bbf76fd432960138b3ef6dda3dde0544f27cbf8546c458e60baf371917ba9ee",
                "sha256:50b1e4f8446b06f41be7dd6338db18e0990601dce795c2b1686458aa7e8fa7d8"
            ],
            "version": "==2021.5.30"
        },
        "charset-normalizer": {
            "hashes": [
                "sha256:5d209c0a931f215cee683b6445e2d77677e7e75e159f78def0db09d68fafcaa6",
                "sha256:5ec46d183433dcbd0ab716f2d7f29d8dee50505b3fdb40c6b985c7c4f5a3591f"
            ],
            "markers": "python_version >= '3'",
            "version": "==2.0.6"
        },
        "idna": {
            "hashes": [
                "sha256:14475042e284991034cb48e06f6851428fb14c4dc953acd9be9a5e95c7b6dd7a",
                "sha256:467fbad99067910785144ce333826c71fb0e63a425657295239737f7ecd125f3"
            ],
            "markers": "python_version >= '3'",
            "version": "==3.2"
        },
        "ifaddr": {
            "hashes": [
                "sha256:1f9e8a6ca6f16db5a37d3356f07b6e52344f6f9f7e806d618537731669eb1a94",
                "sha256:d1f603952f0a71c9ab4e705754511e4e03b02565bc4cec7188ad6415ff534cd3"
            ],
            "version": "==0.1.7"
        },
        "protobuf": {
            "hashes": [
                "sha256:0a59ea8da307118372750e2fdfe0961622e675b8dd35e05c42384d618189a938",
                "sha256:17181fc0814655812aac108e755bd5185d71aa8d81bd241cec6e232c84097918",
                "sha256:18b308946a592e245299391e53c01b5b8efc2794f49986e80f37d7b5e60a270f",
                "sha256:1f3ecec3038c2fb4dad952d3d6cb9ca301999903a09e43794fb348da48f7577f",
                "sha256:3b5b81bb665aac548b413480f4e0d8c38a74bc4dea57835f288a3ce74f63dfe9",
                "sha256:42c04e66ec5a38ad2171639dc9860c2f9594668f709ea3a4a192acf7346853a7",
                "sha256:5201333b7aa711965c5769b250f8565a9924e8e27f8b622bbc5e6847aeaab1b1",
                "sha256:568c049ff002a7523ed33fb612e6b97da002bf87ffb619a1fc3eadf2257a3b31",
                "sha256:5730de255c95b3403eedd1a568eb28203b913b6192ff5a3fdc3ff30f37107a38",
                "sha256:615099e52e9fbc9fde00177267a94ca820ecf4e80093e390753568b7d8cb3c1a",
                "sha256:7646c20605fbee57e77fdbc4a90175538281b152f46ba17019916593f8062c2a",
                "sha256:7e791a94db391ae22b3943fc88f6ba0e1f62b6ad58b33db7517df576c7834d23",
                "sha256:80b0a5157f3a53043daf8eb7cfa1220b27a5a63dd6655dbd8e1e6f7b5dcd6347",
                "sha256:877664b1b8d1e23553634f625e4e12aae4ff16cbbef473f8118c239d478f422a",
                "sha256:9072cb18fca8998b77f969fb74d25a11d7f4a39a8b1ddc3cf76cd5abda8499cb",
                "sha256:9147565f93e6699d7512747766598afe63205f226ac7b61f47954974c9aab852",
                "sha256:93c077fd83879cf48f327a2491c24da447a09da6a7ab3cc311a6f5a61fcb5de0",
                "sha256:d11465040cadcea8ecf5f0b131af5099a9696f9d0bef6f88148b372bacc1c52d",
                "sha256:f589346b5b3f702c1d30e2343c9897e6c35e7bd495c10a0e17d11ecb5ee5bd06",
                "sha256:f6138462643adce0ed6e49007a63b7fd7dc4fda1ef4e15a70fcebe76c1407a71",
                "sha256:f7c8193ec805324ff6024242b00f64a24b94d56b895f62bf28a9d72a228d4fca"
            ],
            "version": "==3.18.0"
        },
        "pychromecast": {
            "hashes": [
                "sha256:5a668c2d210f36aea713f4736b0e36cce9f1ac8075f27c4ac0d2353d5dc1b910",
                "sha256:883d6e836ff5f1068a8bd00364a15b4c9854293086495e9fd9cacd9b4d54c0bf"
            ],
            "index": "pypi",
            "version": "==9.2.1"
        },
        "requests": {
            "hashes": [
                "sha256:6c1246513ecd5ecd4528a0906f910e8f0f9c6b8ec72030dc9fd154dc1a6efd24",
                "sha256:b8aa58f8cf793ffd8782d3d8cb19e66ef36f7aba4353eec859e74678b01b07a7"
            ],
            "markers": "python_version >= '2.7' and python_version not in '3.0, 3.1, 3.2, 3.3, 3.4, 3.5'",
            "version": "==2.26.0"
        },
        "urllib3": {
            "hashes": [
                "sha256:4987c65554f7a2dbf30c18fd48778ef124af6fab771a377103da0585e2336ece",
                "sha256:c4fdf4019605b6e5423637e01bc9fe4daef873709a7973e195ceba0a62bbc844"
            ],
            "markers": "python_version >= '2.7' and python_version not in '3.0, 3.1, 3.2, 3.3, 3.4' and python_version < '4'",
            "version": "==1.26.7"
        },
        "zeroconf": {
            "hashes": [
                "sha256:0956a5cbfec9e443f1eedb984b9d1a1585dad8b905184dbfe03d7beab9f91c95",
                "sha256:1e9abe929c35bf4f9b123f3528df7aaf389c915bd030cf0f3260344758c1f465"
            ],
            "version": "==0.36.7"
        }
    },
    "develop": {}
}
